
Microsoft Visual Studio Solution File, Format Version 12.00
# Visual Studio 14
VisualStudioVersion = 14.0.25420.1
MinimumVisualStudioVersion = 10.0.40219.1
Project("{FAE04EC0-301F-11D3-BF4B-00C04F79EFBC}") = "CAZW", "CAZW\CAZW.csproj", "{E41B7A11-E08E-4DDF-BB58-74729515EDBA}"
EndProject
Global
	GlobalSection(SolutionConfigurationPlatforms) = preSolution
		Debug|Any CPU = Debug|Any CPU
		Release|Any CPU = Release|Any CPU
	EndGlobalSection
	GlobalSection(ProjectConfigurationPlatforms) = postSolution
		{E41B7A11-E08E-4DDF-BB58-74729515EDBA}.Debug|Any CPU.ActiveCfg = Debug|Any CPU
		{E41B7A11-E08E-4DDF-BB58-74729515EDBA}.Debug|Any CPU.Build.0 = Debug|Any CPU
		{E41B7A11-E08E-4DDF-BB58-74729515EDBA}.Release|Any CPU.ActiveCfg = Release|Any CPU
		{E41B7A11-E08E-4DDF-BB58-74729515EDBA}.Release|Any CPU.Build.0 = Release|Any CPU
	EndGlobalSection
	GlobalSection(SolutionProperties) = preSolution
		HideSolutionNode = FALSE
	EndGlobalSection
EndGlobal
